# nova-rootwrap filters for compute nodes running flex
# This file should be owned by (and only-writable by) the root user

[Filters]
# flex/virt/lxc/containers.py:
btrfs: CommandFilter, btrfs, root
cgm: CommandFilter, cgm, root
brctl: CommandFilter, brctl, root
ip: CommandFilter, ip, root
tee: CommandFilter, tee, root
lxc-usernet-manage: CommandFilter, lxc-usernet-manage, root
